{
  "object": {
    "pins": [
      {
        "package": "AnyCodable",
        "repositoryURL": "https://github.com/mickeyl/AnyCodable",
        "state": {
          "branch": null,
          "revision": "bcbafbc461058bda170ca59013ba599b5613e72a",
          "version": "0.6.6"
        }
      },
      {
        "package": "BitByteData",
        "repositoryURL": "https://github.com/tsolomko/BitByteData",
        "state": {
          "branch": null,
          "revision": "36df26fe4586b4f23d76cfd8b47076998343a2b2",
          "version": "2.0.3"
        }
      },
      {
        "package": "SWCompression",
        "repositoryURL": "https://github.com/tsolomko/SWCompression",
        "state": {
          "branch": null,
          "revision": "cd39ca0a3b269173bab06f68b182b72fa690765c",
          "version": "4.8.5"
        }
      },
      {
        "package": "swift-crypto",
        "repositoryURL": "https://github.com/apple/swift-crypto",
        "state": {
          "branch": null,
          "revision": "33a20e650c33f6d72d822d558333f2085effa3dc",
          "version": "2.5.0"
        }
      }
    ]
  },
  "version": 1
}
