{
  "originHash" : "23fa9baf0ed2bdc34d9a5a69b191e2098a7f1da3f2383f827542e4937a66958c",
  "pins" : [
    {
      "identity" : "anycodable",
      "kind" : "remoteSourceControl",
      "location" : "https://github.com/mickeyl/AnyCodable",
      "state" : {
        "revision" : "bcbafbc461058bda170ca59013ba599b5613e72a",
        "version" : "0.6.6"
      }
    },
    {
      "identity" : "foundationbandaid",
      "kind" : "remoteSourceControl",
      "location" : "https://github.com/mickeyl/FoundationBandAid",
      "state" : {
        "branch" : "master",
        "revision" : "163e98760ce824d9c880684ec1014228795ef8c3"
      }
    },
    {
      "identity" : "swift-asn1",
      "kind" : "remoteSourceControl",
      "location" : "https://github.com/apple/swift-asn1.git",
      "state" : {
        "revision" : "40d25bbb2fc5b557a9aa8512210bded327c0f60d",
        "version" : "1.5.0"
      }
    },
    {
      "identity" : "swift-crypto",
      "kind" : "remoteSourceControl",
      "location" : "https://github.com/apple/swift-crypto",
      "state" : {
        "revision" : "95ba0316a9b733e92bb6b071255ff46263bbe7dc",
        "version" : "3.15.1"
      }
    }
  ],
  "version" : 3
}
